
Microsoft Visual Studio Solution File, Format Version 12.00
# Visual Studio Version 16
VisualStudioVersion = 16.0.30413.136
MinimumVisualStudioVersion = 10.0.40219.1
Project("{FAE04EC0-301F-11D3-BF4B-00C04F79EFBC}") = "LearningTerraform.Api", "LearningTerraform.Api\LearningTerraform.Api.csproj", "{99032048-5EFB-4731-A953-E57A45CD4030}"
EndProject
Global
	GlobalSection(SolutionConfigurationPlatforms) = preSolution
		Debug|Any CPU = Debug|Any CPU
		Release|Any CPU = Release|Any CPU
	EndGlobalSection
	GlobalSection(ProjectConfigurationPlatforms) = postSolution
		{99032048-5EFB-4731-A953-E57A45CD4030}.Debug|Any CPU.ActiveCfg = Debug|Any CPU
		{99032048-5EFB-4731-A953-E57A45CD4030}.Debug|Any CPU.Build.0 = Debug|Any CPU
		{99032048-5EFB-4731-A953-E57A45CD4030}.Release|Any CPU.ActiveCfg = Release|Any CPU
		{99032048-5EFB-4731-A953-E57A45CD4030}.Release|Any CPU.Build.0 = Release|Any CPU
	EndGlobalSection
	GlobalSection(SolutionProperties) = preSolution
		HideSolutionNode = FALSE
	EndGlobalSection
	GlobalSection(ExtensibilityGlobals) = postSolution
		SolutionGuid = {B1FC7CAB-EF94-4E1B-B838-F253C1E6962D}
	EndGlobalSection
EndGlobal
